PODS:
  - WCDB (1.0.6):
    - WCDB/sqlcipher (= 1.0.6)
  - WCDB/sqlcipher (1.0.6)

DEPENDENCIES:
  - WCDB

SPEC REPOS:
  https://github.com/CocoaPods/Specs.git:
    - WCDB

SPEC CHECKSUMS:
  WCDB: 4d2926bf695b2e00d785b50afd32c2dcc8cbbd98

PODFILE CHECKSUM: 491ce10be2b3f1ecc72aeda18efe4b4ce84b7b2d

COCOAPODS: 1.5.0
